// !$*UTF8*$!
{
	archiveVersion = 1;
	classes = {
	};
	objectVersion = 50;
	objects = {

/* Begin PBXBuildFile section */
		530DEF3C24CB582D00900AE3 /* Scenes.swift in Sources */ = {isa = PBXBuildFile; fileRef = 530DEF3B24CB582D00900AE3 /* Scenes.swift */; };
		5316430E24CF65140082F5C2 /* BlockheadTests.swift in Sources */ = {isa = PBXBuildFile; fileRef = 5316430D24CF65140082F5C2 /* BlockheadTests.swift */; };
		5316431524CF66A10082F5C2 /* Scenes.swift in Sources */ = {isa = PBXBuildFile; fileRef = 530DEF3B24CB582D00900AE3 /* Scenes.swift */; };
		5316431624CF66AF0082F5C2 /* ViewController.swift in Sources */ = {isa = PBXBuildFile; fileRef = 53C4F59524B3ACE700AC2C88 /* ViewController.swift */; };
		5316431724CF66C40082F5C2 /* Amount.swift in Sources */ = {isa = PBXBuildFile; fileRef = 53D0EE9824BD109B000C951A /* Amount.swift */; };
		5316431824CF66C40082F5C2 /* SCNVector3+Blockhead.swift in Sources */ = {isa = PBXBuildFile; fileRef = 53DA8A0A24C8ABAF0022243E /* SCNVector3+Blockhead.swift */; };
		5316431924CF66C40082F5C2 /* SCNVector4+Blockhead.swift in Sources */ = {isa = PBXBuildFile; fileRef = 53DA8A0C24C8B33F0022243E /* SCNVector4+Blockhead.swift */; };
		5316431B24CF6D250082F5C2 /* Scene.swift in Sources */ = {isa = PBXBuildFile; fileRef = 5316431A24CF6D250082F5C2 /* Scene.swift */; };
		5316431C24CF6D250082F5C2 /* Scene.swift in Sources */ = {isa = PBXBuildFile; fileRef = 5316431A24CF6D250082F5C2 /* Scene.swift */; };
		5316431E24CF7B9D0082F5C2 /* Scenes+Rumblemunk.swift in Sources */ = {isa = PBXBuildFile; fileRef = 5316431D24CF7B9D0082F5C2 /* Scenes+Rumblemunk.swift */; };
		53C4F59224B3ACE700AC2C88 /* AppDelegate.swift in Sources */ = {isa = PBXBuildFile; fileRef = 53C4F59124B3ACE700AC2C88 /* AppDelegate.swift */; };
		53C4F59624B3ACE700AC2C88 /* ViewController.swift in Sources */ = {isa = PBXBuildFile; fileRef = 53C4F59524B3ACE700AC2C88 /* ViewController.swift */; };
		53C4F59924B3ACE700AC2C88 /* Main.storyboard in Resources */ = {isa = PBXBuildFile; fileRef = 53C4F59724B3ACE700AC2C88 /* Main.storyboard */; };
		53C4F59B24B3ACE800AC2C88 /* Assets.xcassets in Resources */ = {isa = PBXBuildFile; fileRef = 53C4F59A24B3ACE800AC2C88 /* Assets.xcassets */; };
		53C4F59E24B3ACE800AC2C88 /* LaunchScreen.storyboard in Resources */ = {isa = PBXBuildFile; fileRef = 53C4F59C24B3ACE800AC2C88 /* LaunchScreen.storyboard */; };
		53D0EE9924BD109B000C951A /* Amount.swift in Sources */ = {isa = PBXBuildFile; fileRef = 53D0EE9824BD109B000C951A /* Amount.swift */; };
		53DA8A0B24C8ABAF0022243E /* SCNVector3+Blockhead.swift in Sources */ = {isa = PBXBuildFile; fileRef = 53DA8A0A24C8ABAF0022243E /* SCNVector3+Blockhead.swift */; };
		53DA8A0D24C8B33F0022243E /* SCNVector4+Blockhead.swift in Sources */ = {isa = PBXBuildFile; fileRef = 53DA8A0C24C8B33F0022243E /* SCNVector4+Blockhead.swift */; };
		53F159DA24C25116008054ED /* CVPixelBuffer+Blockhead.swift in Sources */ = {isa = PBXBuildFile; fileRef = 53F159D924C25116008054ED /* CVPixelBuffer+Blockhead.swift */; };
/* End PBXBuildFile section */

/* Begin PBXContainerItemProxy section */
		5316431024CF65140082F5C2 /* PBXContainerItemProxy */ = {
			isa = PBXContainerItemProxy;
			containerPortal = 53C4F58624B3ACE700AC2C88 /* Project object */;
			proxyType = 1;
			remoteGlobalIDString = 53C4F58D24B3ACE700AC2C88;
			remoteInfo = Blockhead;
		};
/* End PBXContainerItemProxy section */

/* Begin PBXFileReference section */
		530DEF3B24CB582D00900AE3 /* Scenes.swift */ = {isa = PBXFileReference; lastKnownFileType = sourcecode.swift; path = Scenes.swift; sourceTree = "<group>"; };
		5316430B24CF65140082F5C2 /* BlockheadTests.xctest */ = {isa = PBXFileReference; explicitFileType = wrapper.cfbundle; includeInIndex = 0; path = BlockheadTests.xctest; sourceTree = BUILT_PRODUCTS_DIR; };
		5316430D24CF65140082F5C2 /* BlockheadTests.swift */ = {isa = PBXFileReference; lastKnownFileType = sourcecode.swift; path = BlockheadTests.swift; sourceTree = "<group>"; };
		5316430F24CF65140082F5C2 /* Info.plist */ = {isa = PBXFileReference; lastKnownFileType = text.plist.xml; path = Info.plist; sourceTree = "<group>"; };
		5316431A24CF6D250082F5C2 /* Scene.swift */ = {isa = PBXFileReference; lastKnownFileType = sourcecode.swift; path = Scene.swift; sourceTree = "<group>"; };
		5316431D24CF7B9D0082F5C2 /* Scenes+Rumblemunk.swift */ = {isa = PBXFileReference; lastKnownFileType = sourcecode.swift; path = "Scenes+Rumblemunk.swift"; sourceTree = "<group>"; };
		53C4F58E24B3ACE700AC2C88 /* Blockhead.app */ = {isa = PBXFileReference; explicitFileType = wrapper.application; includeInIndex = 0; path = Blockhead.app; sourceTree = BUILT_PRODUCTS_DIR; };
		53C4F59124B3ACE700AC2C88 /* AppDelegate.swift */ = {isa = PBXFileReference; lastKnownFileType = sourcecode.swift; path = AppDelegate.swift; sourceTree = "<group>"; };
		53C4F59524B3ACE700AC2C88 /* ViewController.swift */ = {isa = PBXFileReference; lastKnownFileType = sourcecode.swift; path = ViewController.swift; sourceTree = "<group>"; };
		53C4F59824B3ACE700AC2C88 /* Base */ = {isa = PBXFileReference; lastKnownFileType = file.storyboard; name = Base; path = Base.lproj/Main.storyboard; sourceTree = "<group>"; };
		53C4F59A24B3ACE800AC2C88 /* Assets.xcassets */ = {isa = PBXFileReference; lastKnownFileType = folder.assetcatalog; path = Assets.xcassets; sourceTree = "<group>"; };
		53C4F59D24B3ACE800AC2C88 /* Base */ = {isa = PBXFileReference; lastKnownFileType = file.storyboard; name = Base; path = Base.lproj/LaunchScreen.storyboard; sourceTree = "<group>"; };
		53C4F59F24B3ACE800AC2C88 /* Info.plist */ = {isa = PBXFileReference; lastKnownFileType = text.plist.xml; path = Info.plist; sourceTree = "<group>"; };
		53D0EE9624B8DE98000C951A /* Project.xcconfig */ = {isa = PBXFileReference; lastKnownFileType = text.xcconfig; path = Project.xcconfig; sourceTree = "<group>"; };
		53D0EE9824BD109B000C951A /* Amount.swift */ = {isa = PBXFileReference; lastKnownFileType = sourcecode.swift; path = Amount.swift; sourceTree = "<group>"; };
		53DA8A0A24C8ABAF0022243E /* SCNVector3+Blockhead.swift */ = {isa = PBXFileReference; lastKnownFileType = sourcecode.swift; path = "SCNVector3+Blockhead.swift"; sourceTree = "<group>"; };
		53DA8A0C24C8B33F0022243E /* SCNVector4+Blockhead.swift */ = {isa = PBXFileReference; lastKnownFileType = sourcecode.swift; path = "SCNVector4+Blockhead.swift"; sourceTree = "<group>"; };
		53F159D924C25116008054ED /* CVPixelBuffer+Blockhead.swift */ = {isa = PBXFileReference; lastKnownFileType = sourcecode.swift; path = "CVPixelBuffer+Blockhead.swift"; sourceTree = "<group>"; };
/* End PBXFileReference section */

/* Begin PBXFrameworksBuildPhase section */
		5316430824CF65140082F5C2 /* Frameworks */ = {
			isa = PBXFrameworksBuildPhase;
			buildActionMask = 2147483647;
			files = (
			);
			runOnlyForDeploymentPostprocessing = 0;
		};
		53C4F58B24B3ACE700AC2C88 /* Frameworks */ = {
			isa = PBXFrameworksBuildPhase;
			buildActionMask = 2147483647;
			files = (
			);
			runOnlyForDeploymentPostprocessing = 0;
		};
/* End PBXFrameworksBuildPhase section */

/* Begin PBXGroup section */
		5316430C24CF65140082F5C2 /* BlockheadTests */ = {
			isa = PBXGroup;
			children = (
				5316430D24CF65140082F5C2 /* BlockheadTests.swift */,
				5316430F24CF65140082F5C2 /* Info.plist */,
			);
			path = BlockheadTests;
			sourceTree = "<group>";
		};
		53C4F58524B3ACE700AC2C88 = {
			isa = PBXGroup;
			children = (
				53D0EE9624B8DE98000C951A /* Project.xcconfig */,
				53C4F59024B3ACE700AC2C88 /* Blockhead */,
				5316430C24CF65140082F5C2 /* BlockheadTests */,
				53C4F58F24B3ACE700AC2C88 /* Products */,
			);
			sourceTree = "<group>";
		};
		53C4F58F24B3ACE700AC2C88 /* Products */ = {
			isa = PBXGroup;
			children = (
				53C4F58E24B3ACE700AC2C88 /* Blockhead.app */,
				5316430B24CF65140082F5C2 /* BlockheadTests.xctest */,
			);
			name = Products;
			sourceTree = "<group>";
		};
		53C4F59024B3ACE700AC2C88 /* Blockhead */ = {
			isa = PBXGroup;
			children = (
				53D0EE9824BD109B000C951A /* Amount.swift */,
				53C4F59124B3ACE700AC2C88 /* AppDelegate.swift */,
				53C4F59A24B3ACE800AC2C88 /* Assets.xcassets */,
				53F159D924C25116008054ED /* CVPixelBuffer+Blockhead.swift */,
				53C4F59F24B3ACE800AC2C88 /* Info.plist */,
				53C4F59C24B3ACE800AC2C88 /* LaunchScreen.storyboard */,
				53C4F59724B3ACE700AC2C88 /* Main.storyboard */,
				5316431A24CF6D250082F5C2 /* Scene.swift */,
				530DEF3B24CB582D00900AE3 /* Scenes.swift */,
				5316431D24CF7B9D0082F5C2 /* Scenes+Rumblemunk.swift */,
				53DA8A0A24C8ABAF0022243E /* SCNVector3+Blockhead.swift */,
				53DA8A0C24C8B33F0022243E /* SCNVector4+Blockhead.swift */,
				53C4F59524B3ACE700AC2C88 /* ViewController.swift */,
			);
			path = Blockhead;
			sourceTree = "<group>";
		};
/* End PBXGroup section */

/* Begin PBXNativeTarget section */
		5316430A24CF65140082F5C2 /* BlockheadTests */ = {
			isa = PBXNativeTarget;
			buildConfigurationList = 5316431424CF65140082F5C2 /* Build configuration list for PBXNativeTarget "BlockheadTests" */;
			buildPhases = (
				5316430724CF65140082F5C2 /* Sources */,
				5316430824CF65140082F5C2 /* Frameworks */,
				5316430924CF65140082F5C2 /* Resources */,
			);
			buildRules = (
			);
			dependencies = (
				5316431124CF65140082F5C2 /* PBXTargetDependency */,
			);
			name = BlockheadTests;
			productName = BlockheadTests;
			productReference = 5316430B24CF65140082F5C2 /* BlockheadTests.xctest */;
			productType = "com.apple.product-type.bundle.unit-test";
		};
		53C4F58D24B3ACE700AC2C88 /* Blockhead */ = {
			isa = PBXNativeTarget;
			buildConfigurationList = 53C4F5A224B3ACE800AC2C88 /* Build configuration list for PBXNativeTarget "Blockhead" */;
			buildPhases = (
				53C4F58A24B3ACE700AC2C88 /* Sources */,
				53C4F58B24B3ACE700AC2C88 /* Frameworks */,
				53C4F58C24B3ACE700AC2C88 /* Resources */,
			);
			buildRules = (
			);
			dependencies = (
			);
			name = Blockhead;
			productName = "Pixelated Faces";
			productReference = 53C4F58E24B3ACE700AC2C88 /* Blockhead.app */;
			productType = "com.apple.product-type.application";
		};
/* End PBXNativeTarget section */

/* Begin PBXProject section */
		53C4F58624B3ACE700AC2C88 /* Project object */ = {
			isa = PBXProject;
			attributes = {
				LastSwiftUpdateCheck = 1160;
				LastUpgradeCheck = 1150;
				ORGANIZATIONNAME = "Hermiteer, LLC";
				TargetAttributes = {
					5316430A24CF65140082F5C2 = {
						CreatedOnToolsVersion = 11.6;
					};
					53C4F58D24B3ACE700AC2C88 = {
						CreatedOnToolsVersion = 11.5;
					};
				};
			};
			buildConfigurationList = 53C4F58924B3ACE700AC2C88 /* Build configuration list for PBXProject "Blockhead" */;
			compatibilityVersion = "Xcode 9.3";
			developmentRegion = en;
			hasScannedForEncodings = 0;
			knownRegions = (
				en,
				Base,
			);
			mainGroup = 53C4F58524B3ACE700AC2C88;
			productRefGroup = 53C4F58F24B3ACE700AC2C88 /* Products */;
			projectDirPath = "";
			projectRoot = "";
			targets = (
				53C4F58D24B3ACE700AC2C88 /* Blockhead */,
				5316430A24CF65140082F5C2 /* BlockheadTests */,
			);
		};
/* End PBXProject section */

/* Begin PBXResourcesBuildPhase section */
		5316430924CF65140082F5C2 /* Resources */ = {
			isa = PBXResourcesBuildPhase;
			buildActionMask = 2147483647;
			files = (
			);
			runOnlyForDeploymentPostprocessing = 0;
		};
		53C4F58C24B3ACE700AC2C88 /* Resources */ = {
			isa = PBXResourcesBuildPhase;
			buildActionMask = 2147483647;
			files = (
				53C4F59E24B3ACE800AC2C88 /* LaunchScreen.storyboard in Resources */,
				53C4F59B24B3ACE800AC2C88 /* Assets.xcassets in Resources */,
				53C4F59924B3ACE700AC2C88 /* Main.storyboard in Resources */,
			);
			runOnlyForDeploymentPostprocessing = 0;
		};
/* End PBXResourcesBuildPhase section */

/* Begin PBXSourcesBuildPhase section */
		5316430724CF65140082F5C2 /* Sources */ = {
			isa = PBXSourcesBuildPhase;
			buildActionMask = 2147483647;
			files = (
				5316431824CF66C40082F5C2 /* SCNVector3+Blockhead.swift in Sources */,
				5316431624CF66AF0082F5C2 /* ViewController.swift in Sources */,
				5316431924CF66C40082F5C2 /* SCNVector4+Blockhead.swift in Sources */,
				5316431524CF66A10082F5C2 /* Scenes.swift in Sources */,
				5316431C24CF6D250082F5C2 /* Scene.swift in Sources */,
				5316430E24CF65140082F5C2 /* BlockheadTests.swift in Sources */,
				5316431724CF66C40082F5C2 /* Amount.swift in Sources */,
			);
			runOnlyForDeploymentPostprocessing = 0;
		};
		53C4F58A24B3ACE700AC2C88 /* Sources */ = {
			isa = PBXSourcesBuildPhase;
			buildActionMask = 2147483647;
			files = (
				530DEF3C24CB582D00900AE3 /* Scenes.swift in Sources */,
				53DA8A0B24C8ABAF0022243E /* SCNVector3+Blockhead.swift in Sources */,
				53C4F59624B3ACE700AC2C88 /* ViewController.swift in Sources */,
				53DA8A0D24C8B33F0022243E /* SCNVector4+Blockhead.swift in Sources */,
				5316431B24CF6D250082F5C2 /* Scene.swift in Sources */,
				53F159DA24C25116008054ED /* CVPixelBuffer+Blockhead.swift in Sources */,
				53C4F59224B3ACE700AC2C88 /* AppDelegate.swift in Sources */,
				5316431E24CF7B9D0082F5C2 /* Scenes+Rumblemunk.swift in Sources */,
				53D0EE9924BD109B000C951A /* Amount.swift in Sources */,
			);
			runOnlyForDeploymentPostprocessing = 0;
		};
/* End PBXSourcesBuildPhase section */

/* Begin PBXTargetDependency section */
		5316431124CF65140082F5C2 /* PBXTargetDependency */ = {
			isa = PBXTargetDependency;
			target = 53C4F58D24B3ACE700AC2C88 /* Blockhead */;
			targetProxy = 5316431024CF65140082F5C2 /* PBXContainerItemProxy */;
		};
/* End PBXTargetDependency section */

/* Begin PBXVariantGroup section */
		53C4F59724B3ACE700AC2C88 /* Main.storyboard */ = {
			isa = PBXVariantGroup;
			children = (
				53C4F59824B3ACE700AC2C88 /* Base */,
			);
			name = Main.storyboard;
			sourceTree = "<group>";
		};
		53C4F59C24B3ACE800AC2C88 /* LaunchScreen.storyboard */ = {
			isa = PBXVariantGroup;
			children = (
				53C4F59D24B3ACE800AC2C88 /* Base */,
			);
			name = LaunchScreen.storyboard;
			sourceTree = "<group>";
		};
/* End PBXVariantGroup section */

/* Begin XCBuildConfiguration section */
		5316431224CF65140082F5C2 /* Debug */ = {
			isa = XCBuildConfiguration;
			buildSettings = {
				CODE_SIGN_STYLE = Automatic;
				DEVELOPMENT_TEAM = 83TB42W5AV;
				INFOPLIST_FILE = BlockheadTests/Info.plist;
				IPHONEOS_DEPLOYMENT_TARGET = 13.6;
				LD_RUNPATH_SEARCH_PATHS = (
					"$(inherited)",
					"@executable_path/Frameworks",
					"@loader_path/Frameworks",
				);
				PRODUCT_BUNDLE_IDENTIFIER = com.hermiteer.BlockheadTests;
				PRODUCT_NAME = "$(TARGET_NAME)";
				SWIFT_VERSION = 5.0;
				TARGETED_DEVICE_FAMILY = "1,2";
			};
			name = Debug;
		};
		5316431324CF65140082F5C2 /* Release */ = {
			isa = XCBuildConfiguration;
			buildSettings = {
				CODE_SIGN_STYLE = Automatic;
				DEVELOPMENT_TEAM = 83TB42W5AV;
				INFOPLIST_FILE = BlockheadTests/Info.plist;
				IPHONEOS_DEPLOYMENT_TARGET = 13.6;
				LD_RUNPATH_SEARCH_PATHS = (
					"$(inherited)",
					"@executable_path/Frameworks",
					"@loader_path/Frameworks",
				);
				PRODUCT_BUNDLE_IDENTIFIER = com.hermiteer.BlockheadTests;
				PRODUCT_NAME = "$(TARGET_NAME)";
				SWIFT_VERSION = 5.0;
				TARGETED_DEVICE_FAMILY = "1,2";
			};
			name = Release;
		};
		53C4F5A024B3ACE800AC2C88 /* Debug */ = {
			isa = XCBuildConfiguration;
			baseConfigurationReference = 53D0EE9624B8DE98000C951A /* Project.xcconfig */;
			buildSettings = {
				ALWAYS_SEARCH_USER_PATHS = NO;
				CLANG_ANALYZER_NONNULL = YES;
				CLANG_ANALYZER_NUMBER_OBJECT_CONVERSION = YES_AGGRESSIVE;
				CLANG_CXX_LANGUAGE_STANDARD = "gnu++14";
				CLANG_CXX_LIBRARY = "libc++";
				CLANG_ENABLE_MODULES = YES;
				CLANG_ENABLE_OBJC_ARC = YES;
				CLANG_ENABLE_OBJC_WEAK = YES;
				CLANG_WARN_BLOCK_CAPTURE_AUTORELEASING = YES;
				CLANG_WARN_BOOL_CONVERSION = YES;
				CLANG_WARN_COMMA = YES;
				CLANG_WARN_CONSTANT_CONVERSION = YES;
				CLANG_WARN_DEPRECATED_OBJC_IMPLEMENTATIONS = YES;
				CLANG_WARN_DIRECT_OBJC_ISA_USAGE = YES_ERROR;
				CLANG_WARN_DOCUMENTATION_COMMENTS = YES;
				CLANG_WARN_EMPTY_BODY = YES;
				CLANG_WARN_ENUM_CONVERSION = YES;
				CLANG_WARN_INFINITE_RECURSION = YES;
				CLANG_WARN_INT_CONVERSION = YES;
				CLANG_WARN_NON_LITERAL_NULL_CONVERSION = YES;
				CLANG_WARN_OBJC_IMPLICIT_RETAIN_SELF = YES;
				CLANG_WARN_OBJC_LITERAL_CONVERSION = YES;
				CLANG_WARN_OBJC_ROOT_CLASS = YES_ERROR;
				CLANG_WARN_RANGE_LOOP_ANALYSIS = YES;
				CLANG_WARN_STRICT_PROTOTYPES = YES;
				CLANG_WARN_SUSPICIOUS_MOVE = YES;
				CLANG_WARN_UNGUARDED_AVAILABILITY = YES_AGGRESSIVE;
				CLANG_WARN_UNREACHABLE_CODE = YES;
				CLANG_WARN__DUPLICATE_METHOD_MATCH = YES;
				COPY_PHASE_STRIP = NO;
				DEBUG_INFORMATION_FORMAT = dwarf;
				ENABLE_STRICT_OBJC_MSGSEND = YES;
				ENABLE_TESTABILITY = YES;
				GCC_C_LANGUAGE_STANDARD = gnu11;
				GCC_DYNAMIC_NO_PIC = NO;
				GCC_NO_COMMON_BLOCKS = YES;
				GCC_OPTIMIZATION_LEVEL = 0;
				GCC_PREPROCESSOR_DEFINITIONS = (
					"DEBUG=1",
					"$(inherited)",
				);
				GCC_WARN_64_TO_32_BIT_CONVERSION = YES;
				GCC_WARN_ABOUT_RETURN_TYPE = YES_ERROR;
				GCC_WARN_UNDECLARED_SELECTOR = YES;
				GCC_WARN_UNINITIALIZED_AUTOS = YES_AGGRESSIVE;
				GCC_WARN_UNUSED_FUNCTION = YES;
				GCC_WARN_UNUSED_VARIABLE = YES;
				IPHONEOS_DEPLOYMENT_TARGET = 13.5;
				MTL_ENABLE_DEBUG_INFO = INCLUDE_SOURCE;
				MTL_FAST_MATH = YES;
				ONLY_ACTIVE_ARCH = YES;
				SDKROOT = iphoneos;
				SWIFT_ACTIVE_COMPILATION_CONDITIONS = DEBUG;
				SWIFT_OPTIMIZATION_LEVEL = "-Onone";
			};
			name = Debug;
		};
		53C4F5A124B3ACE800AC2C88 /* Release */ = {
			isa = XCBuildConfiguration;
			baseConfigurationReference = 53D0EE9624B8DE98000C951A /* Project.xcconfig */;
			buildSettings = {
				ALWAYS_SEARCH_USER_PATHS = NO;
				CLANG_ANALYZER_NONNULL = YES;
				CLANG_ANALYZER_NUMBER_OBJECT_CONVERSION = YES_AGGRESSIVE;
				CLANG_CXX_LANGUAGE_STANDARD = "gnu++14";
				CLANG_CXX_LIBRARY = "libc++";
				CLANG_ENABLE_MODULES = YES;
				CLANG_ENABLE_OBJC_ARC = YES;
				CLANG_ENABLE_OBJC_WEAK = YES;
				CLANG_WARN_BLOCK_CAPTURE_AUTORELEASING = YES;
				CLANG_WARN_BOOL_CONVERSION = YES;
				CLANG_WARN_COMMA = YES;
				CLANG_WARN_CONSTANT_CONVERSION = YES;
				CLANG_WARN_DEPRECATED_OBJC_IMPLEMENTATIONS = YES;
				CLANG_WARN_DIRECT_OBJC_ISA_USAGE = YES_ERROR;
				CLANG_WARN_DOCUMENTATION_COMMENTS = YES;
				CLANG_WARN_EMPTY_BODY = YES;
				CLANG_WARN_ENUM_CONVERSION = YES;
				CLANG_WARN_INFINITE_RECURSION = YES;
				CLANG_WARN_INT_CONVERSION = YES;
				CLANG_WARN_NON_LITERAL_NULL_CONVERSION = YES;
				CLANG_WARN_OBJC_IMPLICIT_RETAIN_SELF = YES;
				CLANG_WARN_OBJC_LITERAL_CONVERSION = YES;
				CLANG_WARN_OBJC_ROOT_CLASS = YES_ERROR;
				CLANG_WARN_RANGE_LOOP_ANALYSIS = YES;
				CLANG_WARN_STRICT_PROTOTYPES = YES;
				CLANG_WARN_SUSPICIOUS_MOVE = YES;
				CLANG_WARN_UNGUARDED_AVAILABILITY = YES_AGGRESSIVE;
				CLANG_WARN_UNREACHABLE_CODE = YES;
				CLANG_WARN__DUPLICATE_METHOD_MATCH = YES;
				COPY_PHASE_STRIP = NO;
				DEBUG_INFORMATION_FORMAT = "dwarf-with-dsym";
				ENABLE_NS_ASSERTIONS = NO;
				ENABLE_STRICT_OBJC_MSGSEND = YES;
				GCC_C_LANGUAGE_STANDARD = gnu11;
				GCC_NO_COMMON_BLOCKS = YES;
				GCC_WARN_64_TO_32_BIT_CONVERSION = YES;
				GCC_WARN_ABOUT_RETURN_TYPE = YES_ERROR;
				GCC_WARN_UNDECLARED_SELECTOR = YES;
				GCC_WARN_UNINITIALIZED_AUTOS = YES_AGGRESSIVE;
				GCC_WARN_UNUSED_FUNCTION = YES;
				GCC_WARN_UNUSED_VARIABLE = YES;
				IPHONEOS_DEPLOYMENT_TARGET = 13.5;
				MTL_ENABLE_DEBUG_INFO = NO;
				MTL_FAST_MATH = YES;
				SDKROOT = iphoneos;
				SWIFT_COMPILATION_MODE = wholemodule;
				SWIFT_OPTIMIZATION_LEVEL = "-O";
				VALIDATE_PRODUCT = YES;
			};
			name = Release;
		};
		53C4F5A324B3ACE800AC2C88 /* Debug */ = {
			isa = XCBuildConfiguration;
			buildSettings = {
				ASSETCATALOG_COMPILER_APPICON_NAME = AppIcon;
				CODE_SIGN_STYLE = Automatic;
				INFOPLIST_FILE = Blockhead/Info.plist;
				LD_RUNPATH_SEARCH_PATHS = (
					"$(inherited)",
					"@executable_path/Frameworks",
				);
				PRODUCT_NAME = "$(TARGET_NAME)";
				SWIFT_VERSION = 5.0;
				TARGETED_DEVICE_FAMILY = "1,2";
			};
			name = Debug;
		};
		53C4F5A424B3ACE800AC2C88 /* Release */ = {
			isa = XCBuildConfiguration;
			buildSettings = {
				ASSETCATALOG_COMPILER_APPICON_NAME = AppIcon;
				CODE_SIGN_STYLE = Automatic;
				INFOPLIST_FILE = Blockhead/Info.plist;
				LD_RUNPATH_SEARCH_PATHS = (
					"$(inherited)",
					"@executable_path/Frameworks",
				);
				PRODUCT_NAME = "$(TARGET_NAME)";
				SWIFT_VERSION = 5.0;
				TARGETED_DEVICE_FAMILY = "1,2";
			};
			name = Release;
		};
/* End XCBuildConfiguration section */

/* Begin XCConfigurationList section */
		5316431424CF65140082F5C2 /* Build configuration list for PBXNativeTarget "BlockheadTests" */ = {
			isa = XCConfigurationList;
			buildConfigurations = (
				5316431224CF65140082F5C2 /* Debug */,
				5316431324CF65140082F5C2 /* Release */,
			);
			defaultConfigurationIsVisible = 0;
			defaultConfigurationName = Release;
		};
		53C4F58924B3ACE700AC2C88 /* Build configuration list for PBXProject "Blockhead" */ = {
			isa = XCConfigurationList;
			buildConfigurations = (
				53C4F5A024B3ACE800AC2C88 /* Debug */,
				53C4F5A124B3ACE800AC2C88 /* Release */,
			);
			defaultConfigurationIsVisible = 0;
			defaultConfigurationName = Release;
		};
		53C4F5A224B3ACE800AC2C88 /* Build configuration list for PBXNativeTarget "Blockhead" */ = {
			isa = XCConfigurationList;
			buildConfigurations = (
				53C4F5A324B3ACE800AC2C88 /* Debug */,
				53C4F5A424B3ACE800AC2C88 /* Release */,
			);
			defaultConfigurationIsVisible = 0;
			defaultConfigurationName = Release;
		};
/* End XCConfigurationList section */
	};
	rootObject = 53C4F58624B3ACE700AC2C88 /* Project object */;
}
